
Microsoft Visual Studio Solution File, Format Version 12.00
# Visual Studio 15
VisualStudioVersion = 15.0.26730.15
MinimumVisualStudioVersion = 10.0.40219.1
Project("{9A19103F-16F7-4668-BE54-9A1E7A4F7556}") = "MifParser", "MifParser\MifParser.csproj", "{8448E8FA-F1A5-4056-BEDF-66494340BAB1}"
EndProject
Project("{9A19103F-16F7-4668-BE54-9A1E7A4F7556}") = "GraphicLibrary", "GraphicLibrary\GraphicLibrary.csproj", "{92A96CF1-5717-4D8C-8B52-EE7EF3D6669B}"
EndProject
Project("{9A19103F-16F7-4668-BE54-9A1E7A4F7556}") = "CoreLibrary", "CoreLibrary\CoreLibrary.csproj", "{92789552-421B-4EFC-8FF6-458A63675013}"
EndProject
Project("{9A19103F-16F7-4668-BE54-9A1E7A4F7556}") = "GUIProject", "GUIProject\GUIProject.csproj", "{F353FE39-35AC-4A70-8E07-4C5C602F66E4}"
EndProject
Project("{9A19103F-16F7-4668-BE54-9A1E7A4F7556}") = "Parser.Tests", "Parser.Tests\Parser.Tests.csproj", "{2D6D3312-F3C2-47BB-9F98-DF9D849E4BB4}"
EndProject
Project("{9A19103F-16F7-4668-BE54-9A1E7A4F7556}") = "GraphicLibrary.Tests", "GraphicLibrary.Tests\GraphicLibrary.Tests.csproj", "{CAF922C8-34A1-4BAC-ABDD-076C3FCEFB64}"
EndProject
Project("{9A19103F-16F7-4668-BE54-9A1E7A4F7556}") = "CoreLibrary.Tests", "CoreLibrary.Tests\CoreLibrary.Tests.csproj", "{E32AC8F5-697B-498F-A7F8-53F2F68B7701}"
EndProject
Global
	GlobalSection(SolutionConfigurationPlatforms) = preSolution
		Debug|Any CPU = Debug|Any CPU
		Release|Any CPU = Release|Any CPU
	EndGlobalSection
	GlobalSection(ProjectConfigurationPlatforms) = postSolution
		{8448E8FA-F1A5-4056-BEDF-66494340BAB1}.Debug|Any CPU.ActiveCfg = Debug|Any CPU
		{8448E8FA-F1A5-4056-BEDF-66494340BAB1}.Debug|Any CPU.Build.0 = Debug|Any CPU
		{8448E8FA-F1A5-4056-BEDF-66494340BAB1}.Release|Any CPU.ActiveCfg = Release|Any CPU
		{8448E8FA-F1A5-4056-BEDF-66494340BAB1}.Release|Any CPU.Build.0 = Release|Any CPU
		{92A96CF1-5717-4D8C-8B52-EE7EF3D6669B}.Debug|Any CPU.ActiveCfg = Debug|Any CPU
		{92A96CF1-5717-4D8C-8B52-EE7EF3D6669B}.Debug|Any CPU.Build.0 = Debug|Any CPU
		{92A96CF1-5717-4D8C-8B52-EE7EF3D6669B}.Release|Any CPU.ActiveCfg = Release|Any CPU
		{92A96CF1-5717-4D8C-8B52-EE7EF3D6669B}.Release|Any CPU.Build.0 = Release|Any CPU
		{92789552-421B-4EFC-8FF6-458A63675013}.Debug|Any CPU.ActiveCfg = Debug|Any CPU
		{92789552-421B-4EFC-8FF6-458A63675013}.Debug|Any CPU.Build.0 = Debug|Any CPU
		{92789552-421B-4EFC-8FF6-458A63675013}.Release|Any CPU.ActiveCfg = Release|Any CPU
		{92789552-421B-4EFC-8FF6-458A63675013}.Release|Any CPU.Build.0 = Release|Any CPU
		{F353FE39-35AC-4A70-8E07-4C5C602F66E4}.Debug|Any CPU.ActiveCfg = Debug|Any CPU
		{F353FE39-35AC-4A70-8E07-4C5C602F66E4}.Debug|Any CPU.Build.0 = Debug|Any CPU
		{F353FE39-35AC-4A70-8E07-4C5C602F66E4}.Release|Any CPU.ActiveCfg = Release|Any CPU
		{F353FE39-35AC-4A70-8E07-4C5C602F66E4}.Release|Any CPU.Build.0 = Release|Any CPU
		{2D6D3312-F3C2-47BB-9F98-DF9D849E4BB4}.Debug|Any CPU.ActiveCfg = Debug|Any CPU
		{2D6D3312-F3C2-47BB-9F98-DF9D849E4BB4}.Debug|Any CPU.Build.0 = Debug|Any CPU
		{2D6D3312-F3C2-47BB-9F98-DF9D849E4BB4}.Release|Any CPU.ActiveCfg = Release|Any CPU
		{2D6D3312-F3C2-47BB-9F98-DF9D849E4BB4}.Release|Any CPU.Build.0 = Release|Any CPU
		{CAF922C8-34A1-4BAC-ABDD-076C3FCEFB64}.Debug|Any CPU.ActiveCfg = Debug|Any CPU
		{CAF922C8-34A1-4BAC-ABDD-076C3FCEFB64}.Debug|Any CPU.Build.0 = Debug|Any CPU
		{CAF922C8-34A1-4BAC-ABDD-076C3FCEFB64}.Release|Any CPU.ActiveCfg = Release|Any CPU
		{CAF922C8-34A1-4BAC-ABDD-076C3FCEFB64}.Release|Any CPU.Build.0 = Release|Any CPU
		{E32AC8F5-697B-498F-A7F8-53F2F68B7701}.Debug|Any CPU.ActiveCfg = Debug|Any CPU
		{E32AC8F5-697B-498F-A7F8-53F2F68B7701}.Debug|Any CPU.Build.0 = Debug|Any CPU
		{E32AC8F5-697B-498F-A7F8-53F2F68B7701}.Release|Any CPU.ActiveCfg = Release|Any CPU
		{E32AC8F5-697B-498F-A7F8-53F2F68B7701}.Release|Any CPU.Build.0 = Release|Any CPU
	EndGlobalSection
	GlobalSection(SolutionProperties) = preSolution
		HideSolutionNode = FALSE
	EndGlobalSection
	GlobalSection(ExtensibilityGlobals) = postSolution
		SolutionGuid = {0A665B5B-6F01-4B6A-8A8B-D62F2A56069C}
	EndGlobalSection
EndGlobal
